# THIS IS AN AUTOGENERATED FILE. DO NOT EDIT THIS FILE DIRECTLY.
# yarn lockfile v1


es-toolkit@^1.29.0:
  version "1.29.0"
  resolved "https://registry.yarnpkg.com/es-toolkit/-/es-toolkit-1.29.0.tgz#a9c54e87880002e4186560fe0a567e76a61cb61a"
  integrity sha512-GjTll+E6APcfAQA09D89HdT8Qn2Yb+TeDSDBTMcxAo+V+w1amAtCI15LJu4YPH/UCPoSo/F47Gr1LIM0TE0lZA==

typescript@^5.7.2:
  version "5.7.2"
  resolved "https://registry.yarnpkg.com/typescript/-/typescript-5.7.2.tgz#3169cf8c4c8a828cde53ba9ecb3d2b1d5dd67be6"
  integrity sha512-i5t66RHxDvVN40HfDd1PsEThGNnlMCMT3jMUuoh9/0TaqWevNontacunWyN02LA9/fIbEWlcHZcgTKb9QoaLfg==
